// !$*UTF8*$!
{
	archiveVersion = 1;
	classes = {
	};
	objectVersion = 56;
	objects = {

/* Begin PBXBuildFile section */
		1C3DE0BC29BDD51C0071590A /* AppDelegate.swift in Sources */ = {isa = PBXBuildFile; fileRef = 1C3DE0BB29BDD51C0071590A /* AppDelegate.swift */; };
		1C3DE0BE29BDD51C0071590A /* SceneDelegate.swift in Sources */ = {isa = PBXBuildFile; fileRef = 1C3DE0BD29BDD51C0071590A /* SceneDelegate.swift */; };
		1C3DE0C029BDD51C0071590A /* ViewController.swift in Sources */ = {isa = PBXBuildFile; fileRef = 1C3DE0BF29BDD51C0071590A /* ViewController.swift */; };
		1C3DE0C329BDD51C0071590A /* Main.storyboard in Resources */ = {isa = PBXBuildFile; fileRef = 1C3DE0C129BDD51C0071590A /* Main.storyboard */; };
		1C3DE0C529BDD51D0071590A /* Assets.xcassets in Resources */ = {isa = PBXBuildFile; fileRef = 1C3DE0C429BDD51D0071590A /* Assets.xcassets */; };
		1C3DE0C829BDD51D0071590A /* LaunchScreen.storyboard in Resources */ = {isa = PBXBuildFile; fileRef = 1C3DE0C629BDD51D0071590A /* LaunchScreen.storyboard */; };
		1CF2608129C50DFC008AAD15 /* dice_sound.wav in Resources */ = {isa = PBXBuildFile; fileRef = 1CF2608029C50DFB008AAD15 /* dice_sound.wav */; };
		1CF2608529C51114008AAD15 /* win1.wav in Resources */ = {isa = PBXBuildFile; fileRef = 1CF2608229C51114008AAD15 /* win1.wav */; };
		1CF2608629C51114008AAD15 /* tie.wav in Resources */ = {isa = PBXBuildFile; fileRef = 1CF2608329C51114008AAD15 /* tie.wav */; };
		1CF2608729C51114008AAD15 /* win2.wav in Resources */ = {isa = PBXBuildFile; fileRef = 1CF2608429C51114008AAD15 /* win2.wav */; };
/* End PBXBuildFile section */

/* Begin PBXFileReference section */
		1C3DE0B829BDD51C0071590A /* DoubleTrouble.app */ = {isa = PBXFileReference; explicitFileType = wrapper.application; includeInIndex = 0; path = DoubleTrouble.app; sourceTree = BUILT_PRODUCTS_DIR; };
		1C3DE0BB29BDD51C0071590A /* AppDelegate.swift */ = {isa = PBXFileReference; lastKnownFileType = sourcecode.swift; path = AppDelegate.swift; sourceTree = "<group>"; };
		1C3DE0BD29BDD51C0071590A /* SceneDelegate.swift */ = {isa = PBXFileReference; lastKnownFileType = sourcecode.swift; path = SceneDelegate.swift; sourceTree = "<group>"; };
		1C3DE0BF29BDD51C0071590A /* ViewController.swift */ = {isa = PBXFileReference; lastKnownFileType = sourcecode.swift; path = ViewController.swift; sourceTree = "<group>"; };
		1C3DE0C229BDD51C0071590A /* Base */ = {isa = PBXFileReference; lastKnownFileType = file.storyboard; name = Base; path = Base.lproj/Main.storyboard; sourceTree = "<group>"; };
		1C3DE0C429BDD51D0071590A /* Assets.xcassets */ = {isa = PBXFileReference; lastKnownFileType = folder.assetcatalog; path = Assets.xcassets; sourceTree = "<group>"; };
		1C3DE0C729BDD51D0071590A /* Base */ = {isa = PBXFileReference; lastKnownFileType = file.storyboard; name = Base; path = Base.lproj/LaunchScreen.storyboard; sourceTree = "<group>"; };
		1C3DE0C929BDD51D0071590A /* Info.plist */ = {isa = PBXFileReference; lastKnownFileType = text.plist.xml; path = Info.plist; sourceTree = "<group>"; };
		1CF2608029C50DFB008AAD15 /* dice_sound.wav */ = {isa = PBXFileReference; lastKnownFileType = audio.wav; path = dice_sound.wav; sourceTree = "<group>"; };
		1CF2608229C51114008AAD15 /* win1.wav */ = {isa = PBXFileReference; lastKnownFileType = audio.wav; name = win1.wav; path = ../../../../../../Downloads/win1.wav; sourceTree = "<group>"; };
		1CF2608329C51114008AAD15 /* tie.wav */ = {isa = PBXFileReference; lastKnownFileType = audio.wav; name = tie.wav; path = ../../../../../../Downloads/tie.wav; sourceTree = "<group>"; };
		1CF2608429C51114008AAD15 /* win2.wav */ = {isa = PBXFileReference; lastKnownFileType = audio.wav; name = win2.wav; path = ../../../../../../Downloads/win2.wav; sourceTree = "<group>"; };
/* End PBXFileReference section */

/* Begin PBXFrameworksBuildPhase section */
		1C3DE0B529BDD51C0071590A /* Frameworks */ = {
			isa = PBXFrameworksBuildPhase;
			buildActionMask = 2147483647;
			files = (
			);
			runOnlyForDeploymentPostprocessing = 0;
		};
/* End PBXFrameworksBuildPhase section */

/* Begin PBXGroup section */
		1C3DE0AF29BDD51C0071590A = {
			isa = PBXGroup;
			children = (
				1C3DE0BA29BDD51C0071590A /* DoubleTrouble */,
				1C3DE0B929BDD51C0071590A /* Products */,
			);
			sourceTree = "<group>";
		};
		1C3DE0B929BDD51C0071590A /* Products */ = {
			isa = PBXGroup;
			children = (
				1C3DE0B829BDD51C0071590A /* DoubleTrouble.app */,
			);
			name = Products;
			sourceTree = "<group>";
		};
		1C3DE0BA29BDD51C0071590A /* DoubleTrouble */ = {
			isa = PBXGroup;
			children = (
				1CF2607F29C50DFB008AAD15 /* Sounds */,
				1C3DE0BB29BDD51C0071590A /* AppDelegate.swift */,
				1C3DE0BD29BDD51C0071590A /* SceneDelegate.swift */,
				1C3DE0BF29BDD51C0071590A /* ViewController.swift */,
				1C3DE0C129BDD51C0071590A /* Main.storyboard */,
				1C3DE0C429BDD51D0071590A /* Assets.xcassets */,
				1C3DE0C629BDD51D0071590A /* LaunchScreen.storyboard */,
				1C3DE0C929BDD51D0071590A /* Info.plist */,
			);
			path = DoubleTrouble;
			sourceTree = "<group>";
		};
		1CF2607F29C50DFB008AAD15 /* Sounds */ = {
			isa = PBXGroup;
			children = (
				1CF2608329C51114008AAD15 /* tie.wav */,
				1CF2608229C51114008AAD15 /* win1.wav */,
				1CF2608429C51114008AAD15 /* win2.wav */,
				1CF2608029C50DFB008AAD15 /* dice_sound.wav */,
			);
			path = Sounds;
			sourceTree = "<group>";
		};
/* End PBXGroup section */

/* Begin PBXNativeTarget section */
		1C3DE0B729BDD51C0071590A /* DoubleTrouble */ = {
			isa = PBXNativeTarget;
			buildConfigurationList = 1C3DE0CC29BDD51D0071590A /* Build configuration list for PBXNativeTarget "DoubleTrouble" */;
			buildPhases = (
				1C3DE0B429BDD51C0071590A /* Sources */,
				1C3DE0B529BDD51C0071590A /* Frameworks */,
				1C3DE0B629BDD51C0071590A /* Resources */,
			);
			buildRules = (
			);
			dependencies = (
			);
			name = DoubleTrouble;
			productName = DoubleTrouble;
			productReference = 1C3DE0B829BDD51C0071590A /* DoubleTrouble.app */;
			productType = "com.apple.product-type.application";
		};
/* End PBXNativeTarget section */

/* Begin PBXProject section */
		1C3DE0B029BDD51C0071590A /* Project object */ = {
			isa = PBXProject;
			attributes = {
				BuildIndependentTargetsInParallel = 1;
				LastSwiftUpdateCheck = 1420;
				LastUpgradeCheck = 1420;
				TargetAttributes = {
					1C3DE0B729BDD51C0071590A = {
						CreatedOnToolsVersion = 14.2;
					};
				};
			};
			buildConfigurationList = 1C3DE0B329BDD51C0071590A /* Build configuration list for PBXProject "DoubleTrouble" */;
			compatibilityVersion = "Xcode 14.0";
			developmentRegion = en;
			hasScannedForEncodings = 0;
			knownRegions = (
				en,
				Base,
			);
			mainGroup = 1C3DE0AF29BDD51C0071590A;
			productRefGroup = 1C3DE0B929BDD51C0071590A /* Products */;
			projectDirPath = "";
			projectRoot = "";
			targets = (
				1C3DE0B729BDD51C0071590A /* DoubleTrouble */,
			);
		};
/* End PBXProject section */

/* Begin PBXResourcesBuildPhase section */
		1C3DE0B629BDD51C0071590A /* Resources */ = {
			isa = PBXResourcesBuildPhase;
			buildActionMask = 2147483647;
			files = (
				1CF2608729C51114008AAD15 /* win2.wav in Resources */,
				1CF2608529C51114008AAD15 /* win1.wav in Resources */,
				1C3DE0C829BDD51D0071590A /* LaunchScreen.storyboard in Resources */,
				1C3DE0C529BDD51D0071590A /* Assets.xcassets in Resources */,
				1CF2608629C51114008AAD15 /* tie.wav in Resources */,
				1C3DE0C329BDD51C0071590A /* Main.storyboard in Resources */,
				1CF2608129C50DFC008AAD15 /* dice_sound.wav in Resources */,
			);
			runOnlyForDeploymentPostprocessing = 0;
		};
/* End PBXResourcesBuildPhase section */

/* Begin PBXSourcesBuildPhase section */
		1C3DE0B429BDD51C0071590A /* Sources */ = {
			isa = PBXSourcesBuildPhase;
			buildActionMask = 2147483647;
			files = (
				1C3DE0C029BDD51C0071590A /* ViewController.swift in Sources */,
				1C3DE0BC29BDD51C0071590A /* AppDelegate.swift in Sources */,
				1C3DE0BE29BDD51C0071590A /* SceneDelegate.swift in Sources */,
			);
			runOnlyForDeploymentPostprocessing = 0;
		};
/* End PBXSourcesBuildPhase section */

/* Begin PBXVariantGroup section */
		1C3DE0C129BDD51C0071590A /* Main.storyboard */ = {
			isa = PBXVariantGroup;
			children = (
				1C3DE0C229BDD51C0071590A /* Base */,
			);
			name = Main.storyboard;
			sourceTree = "<group>";
		};
		1C3DE0C629BDD51D0071590A /* LaunchScreen.storyboard */ = {
			isa = PBXVariantGroup;
			children = (
				1C3DE0C729BDD51D0071590A /* Base */,
			);
			name = LaunchScreen.storyboard;
			sourceTree = "<group>";
		};
/* End PBXVariantGroup section */

/* Begin XCBuildConfiguration section */
		1C3DE0CA29BDD51D0071590A /* Debug */ = {
			isa = XCBuildConfiguration;
			buildSettings = {
				ALWAYS_SEARCH_USER_PATHS = NO;
				CLANG_ANALYZER_NONNULL = YES;
				CLANG_ANALYZER_NUMBER_OBJECT_CONVERSION = YES_AGGRESSIVE;
				CLANG_CXX_LANGUAGE_STANDARD = "gnu++20";
				CLANG_ENABLE_MODULES = YES;
				CLANG_ENABLE_OBJC_ARC = YES;
				CLANG_ENABLE_OBJC_WEAK = YES;
				CLANG_WARN_BLOCK_CAPTURE_AUTORELEASING = YES;
				CLANG_WARN_BOOL_CONVERSION = YES;
				CLANG_WARN_COMMA = YES;
				CLANG_WARN_CONSTANT_CONVERSION = YES;
				CLANG_WARN_DEPRECATED_OBJC_IMPLEMENTATIONS = YES;
				CLANG_WARN_DIRECT_OBJC_ISA_USAGE = YES_ERROR;
				CLANG_WARN_DOCUMENTATION_COMMENTS = YES;
				CLANG_WARN_EMPTY_BODY = YES;
				CLANG_WARN_ENUM_CONVERSION = YES;
				CLANG_WARN_INFINITE_RECURSION = YES;
				CLANG_WARN_INT_CONVERSION = YES;
				CLANG_WARN_NON_LITERAL_NULL_CONVERSION = YES;
				CLANG_WARN_OBJC_IMPLICIT_RETAIN_SELF = YES;
				CLANG_WARN_OBJC_LITERAL_CONVERSION = YES;
				CLANG_WARN_OBJC_ROOT_CLASS = YES_ERROR;
				CLANG_WARN_QUOTED_INCLUDE_IN_FRAMEWORK_HEADER = YES;
				CLANG_WARN_RANGE_LOOP_ANALYSIS = YES;
				CLANG_WARN_STRICT_PROTOTYPES = YES;
				CLANG_WARN_SUSPICIOUS_MOVE = YES;
				CLANG_WARN_UNGUARDED_AVAILABILITY = YES_AGGRESSIVE;
				CLANG_WARN_UNREACHABLE_CODE = YES;
				CLANG_WARN__DUPLICATE_METHOD_MATCH = YES;
				COPY_PHASE_STRIP = NO;
				DEBUG_INFORMATION_FORMAT = dwarf;
				ENABLE_STRICT_OBJC_MSGSEND = YES;
				ENABLE_TESTABILITY = YES;
				GCC_C_LANGUAGE_STANDARD = gnu11;
				GCC_DYNAMIC_NO_PIC = NO;
				GCC_NO_COMMON_BLOCKS = YES;
				GCC_OPTIMIZATION_LEVEL = 0;
				GCC_PREPROCESSOR_DEFINITIONS = (
					"DEBUG=1",
					"$(inherited)",
				);
				GCC_WARN_64_TO_32_BIT_CONVERSION = YES;
				GCC_WARN_ABOUT_RETURN_TYPE = YES_ERROR;
				GCC_WARN_UNDECLARED_SELECTOR = YES;
				GCC_WARN_UNINITIALIZED_AUTOS = YES_AGGRESSIVE;
				GCC_WARN_UNUSED_FUNCTION = YES;
				GCC_WARN_UNUSED_VARIABLE = YES;
				IPHONEOS_DEPLOYMENT_TARGET = 16.2;
				MTL_ENABLE_DEBUG_INFO = INCLUDE_SOURCE;
				MTL_FAST_MATH = YES;
				ONLY_ACTIVE_ARCH = YES;
				SDKROOT = iphoneos;
				SWIFT_ACTIVE_COMPILATION_CONDITIONS = DEBUG;
				SWIFT_OPTIMIZATION_LEVEL = "-Onone";
			};
			name = Debug;
		};
		1C3DE0CB29BDD51D0071590A /* Release */ = {
			isa = XCBuildConfiguration;
			buildSettings = {
				ALWAYS_SEARCH_USER_PATHS = NO;
				CLANG_ANALYZER_NONNULL = YES;
				CLANG_ANALYZER_NUMBER_OBJECT_CONVERSION = YES_AGGRESSIVE;
				CLANG_CXX_LANGUAGE_STANDARD = "gnu++20";
				CLANG_ENABLE_MODULES = YES;
				CLANG_ENABLE_OBJC_ARC = YES;
				CLANG_ENABLE_OBJC_WEAK = YES;
				CLANG_WARN_BLOCK_CAPTURE_AUTORELEASING = YES;
				CLANG_WARN_BOOL_CONVERSION = YES;
				CLANG_WARN_COMMA = YES;
				CLANG_WARN_CONSTANT_CONVERSION = YES;
				CLANG_WARN_DEPRECATED_OBJC_IMPLEMENTATIONS = YES;
				CLANG_WARN_DIRECT_OBJC_ISA_USAGE = YES_ERROR;
				CLANG_WARN_DOCUMENTATION_COMMENTS = YES;
				CLANG_WARN_EMPTY_BODY = YES;
				CLANG_WARN_ENUM_CONVERSION = YES;
				CLANG_WARN_INFINITE_RECURSION = YES;
				CLANG_WARN_INT_CONVERSION = YES;
				CLANG_WARN_NON_LITERAL_NULL_CONVERSION = YES;
				CLANG_WARN_OBJC_IMPLICIT_RETAIN_SELF = YES;
				CLANG_WARN_OBJC_LITERAL_CONVERSION = YES;
				CLANG_WARN_OBJC_ROOT_CLASS = YES_ERROR;
				CLANG_WARN_QUOTED_INCLUDE_IN_FRAMEWORK_HEADER = YES;
				CLANG_WARN_RANGE_LOOP_ANALYSIS = YES;
				CLANG_WARN_STRICT_PROTOTYPES = YES;
				CLANG_WARN_SUSPICIOUS_MOVE = YES;
				CLANG_WARN_UNGUARDED_AVAILABILITY = YES_AGGRESSIVE;
				CLANG_WARN_UNREACHABLE_CODE = YES;
				CLANG_WARN__DUPLICATE_METHOD_MATCH = YES;
				COPY_PHASE_STRIP = NO;
				DEBUG_INFORMATION_FORMAT = "dwarf-with-dsym";
				ENABLE_NS_ASSERTIONS = NO;
				ENABLE_STRICT_OBJC_MSGSEND = YES;
				GCC_C_LANGUAGE_STANDARD = gnu11;
				GCC_NO_COMMON_BLOCKS = YES;
				GCC_WARN_64_TO_32_BIT_CONVERSION = YES;
				GCC_WARN_ABOUT_RETURN_TYPE = YES_ERROR;
				GCC_WARN_UNDECLARED_SELECTOR = YES;
				GCC_WARN_UNINITIALIZED_AUTOS = YES_AGGRESSIVE;
				GCC_WARN_UNUSED_FUNCTION = YES;
				GCC_WARN_UNUSED_VARIABLE = YES;
				IPHONEOS_DEPLOYMENT_TARGET = 16.2;
				MTL_ENABLE_DEBUG_INFO = NO;
				MTL_FAST_MATH = YES;
				SDKROOT = iphoneos;
				SWIFT_COMPILATION_MODE = wholemodule;
				SWIFT_OPTIMIZATION_LEVEL = "-O";
				VALIDATE_PRODUCT = YES;
			};
			name = Release;
		};
		1C3DE0CD29BDD51D0071590A /* Debug */ = {
			isa = XCBuildConfiguration;
			buildSettings = {
				ASSETCATALOG_COMPILER_APPICON_NAME = AppIcon;
				ASSETCATALOG_COMPILER_GLOBAL_ACCENT_COLOR_NAME = AccentColor;
				CODE_SIGN_STYLE = Automatic;
				CURRENT_PROJECT_VERSION = 1;
				DEVELOPMENT_TEAM = P43649KGQW;
				GENERATE_INFOPLIST_FILE = YES;
				INFOPLIST_FILE = DoubleTrouble/Info.plist;
				INFOPLIST_KEY_UIApplicationSupportsIndirectInputEvents = YES;
				INFOPLIST_KEY_UILaunchStoryboardName = LaunchScreen;
				INFOPLIST_KEY_UIMainStoryboardFile = Main;
				INFOPLIST_KEY_UISupportedInterfaceOrientations_iPad = "UIInterfaceOrientationPortrait UIInterfaceOrientationPortraitUpsideDown UIInterfaceOrientationLandscapeLeft UIInterfaceOrientationLandscapeRight";
				INFOPLIST_KEY_UISupportedInterfaceOrientations_iPhone = "UIInterfaceOrientationPortrait UIInterfaceOrientationLandscapeLeft UIInterfaceOrientationLandscapeRight";
				LD_RUNPATH_SEARCH_PATHS = (
					"$(inherited)",
					"@executable_path/Frameworks",
				);
				MARKETING_VERSION = 1.0;
				PRODUCT_BUNDLE_IDENTIFIER = ro.csx.DoubleTrouble;
				PRODUCT_NAME = "$(TARGET_NAME)";
				SWIFT_EMIT_LOC_STRINGS = YES;
				SWIFT_VERSION = 5.0;
				TARGETED_DEVICE_FAMILY = "1,2";
			};
			name = Debug;
		};
		1C3DE0CE29BDD51D0071590A /* Release */ = {
			isa = XCBuildConfiguration;
			buildSettings = {
				ASSETCATALOG_COMPILER_APPICON_NAME = AppIcon;
				ASSETCATALOG_COMPILER_GLOBAL_ACCENT_COLOR_NAME = AccentColor;
				CODE_SIGN_STYLE = Automatic;
				CURRENT_PROJECT_VERSION = 1;
				DEVELOPMENT_TEAM = P43649KGQW;
				GENERATE_INFOPLIST_FILE = YES;
				INFOPLIST_FILE = DoubleTrouble/Info.plist;
				INFOPLIST_KEY_UIApplicationSupportsIndirectInputEvents = YES;
				INFOPLIST_KEY_UILaunchStoryboardName = LaunchScreen;
				INFOPLIST_KEY_UIMainStoryboardFile = Main;
				INFOPLIST_KEY_UISupportedInterfaceOrientations_iPad = "UIInterfaceOrientationPortrait UIInterfaceOrientationPortraitUpsideDown UIInterfaceOrientationLandscapeLeft UIInterfaceOrientationLandscapeRight";
				INFOPLIST_KEY_UISupportedInterfaceOrientations_iPhone = "UIInterfaceOrientationPortrait UIInterfaceOrientationLandscapeLeft UIInterfaceOrientationLandscapeRight";
				LD_RUNPATH_SEARCH_PATHS = (
					"$(inherited)",
					"@executable_path/Frameworks",
				);
				MARKETING_VERSION = 1.0;
				PRODUCT_BUNDLE_IDENTIFIER = ro.csx.DoubleTrouble;
				PRODUCT_NAME = "$(TARGET_NAME)";
				SWIFT_EMIT_LOC_STRINGS = YES;
				SWIFT_VERSION = 5.0;
				TARGETED_DEVICE_FAMILY = "1,2";
			};
			name = Release;
		};
/* End XCBuildConfiguration section */

/* Begin XCConfigurationList section */
		1C3DE0B329BDD51C0071590A /* Build configuration list for PBXProject "DoubleTrouble" */ = {
			isa = XCConfigurationList;
			buildConfigurations = (
				1C3DE0CA29BDD51D0071590A /* Debug */,
				1C3DE0CB29BDD51D0071590A /* Release */,
			);
			defaultConfigurationIsVisible = 0;
			defaultConfigurationName = Release;
		};
		1C3DE0CC29BDD51D0071590A /* Build configuration list for PBXNativeTarget "DoubleTrouble" */ = {
			isa = XCConfigurationList;
			buildConfigurations = (
				1C3DE0CD29BDD51D0071590A /* Debug */,
				1C3DE0CE29BDD51D0071590A /* Release */,
			);
			defaultConfigurationIsVisible = 0;
			defaultConfigurationName = Release;
		};
/* End XCConfigurationList section */
	};
	rootObject = 1C3DE0B029BDD51C0071590A /* Project object */;
}
